
Microsoft Visual Studio Solution File, Format Version 12.00
# Visual Studio 14
VisualStudioVersion = 14.0.25420.1
MinimumVisualStudioVersion = 10.0.40219.1
Project("{FAE04EC0-301F-11D3-BF4B-00C04F79EFBC}") = "MonkeyApp", "MonkeyApp\MonkeyApp\MonkeyApp.csproj", "{028C4747-1B09-4DD6-8BBA-8570D358E2D6}"
EndProject
Project("{FAE04EC0-301F-11D3-BF4B-00C04F79EFBC}") = "MonkeyApp.Droid", "MonkeyApp\MonkeyApp.Droid\MonkeyApp.Droid.csproj", "{6EB2CD83-729C-4992-BE11-EE147D914279}"
EndProject
Project("{FAE04EC0-301F-11D3-BF4B-00C04F79EFBC}") = "MonkeyApp.iOS", "MonkeyApp\MonkeyApp.iOS\MonkeyApp.iOS.csproj", "{8BD038CB-8500-4F60-8C5F-4A1F0BB792FA}"
EndProject
Project("{FAE04EC0-301F-11D3-BF4B-00C04F79EFBC}") = "MonkeyApp.WinPhone", "MonkeyApp\MonkeyApp.WinPhone\MonkeyApp.WinPhone.csproj", "{FCD8607A-67E2-457E-9B96-F9C7E6DBD82B}"
EndProject
Project("{FAE04EC0-301F-11D3-BF4B-00C04F79EFBC}") = "MonkeyApp.UWP", "MonkeyApp\MonkeyApp.UWP\MonkeyApp.UWP.csproj", "{28C33212-4898-4CA8-BBEB-0EA40C31A7D1}"
EndProject
Project("{FAE04EC0-301F-11D3-BF4B-00C04F79EFBC}") = "MonkeyApp.Windows", "MonkeyApp\MonkeyApp.Windows\MonkeyApp.Windows.csproj", "{093852D3-B8D2-41E3-8767-EBB8CEF0F007}"
EndProject
Global
	GlobalSection(SolutionConfigurationPlatforms) = preSolution
		Ad-Hoc|Any CPU = Ad-Hoc|Any CPU
		Ad-Hoc|ARM = Ad-Hoc|ARM
		Ad-Hoc|iPhone = Ad-Hoc|iPhone
		Ad-Hoc|iPhoneSimulator = Ad-Hoc|iPhoneSimulator
		Ad-Hoc|x64 = Ad-Hoc|x64
		Ad-Hoc|x86 = Ad-Hoc|x86
		AppStore|Any CPU = AppStore|Any CPU
		AppStore|ARM = AppStore|ARM
		AppStore|iPhone = AppStore|iPhone
		AppStore|iPhoneSimulator = AppStore|iPhoneSimulator
		AppStore|x64 = AppStore|x64
		AppStore|x86 = AppStore|x86
		Debug|Any CPU = Debug|Any CPU
		Debug|ARM = Debug|ARM
		Debug|iPhone = Debug|iPhone
		Debug|iPhoneSimulator = Debug|iPhoneSimulator
		Debug|x64 = Debug|x64
		Debug|x86 = Debug|x86
		Release|Any CPU = Release|Any CPU
		Release|ARM = Release|ARM
		Release|iPhone = Release|iPhone
		Release|iPhoneSimulator = Release|iPhoneSimulator
		Release|x64 = Release|x64
		Release|x86 = Release|x86
	EndGlobalSection
	GlobalSection(ProjectConfigurationPlatforms) = postSolution
		{028C4747-1B09-4DD6-8BBA-8570D358E2D6}.Ad-Hoc|Any CPU.ActiveCfg = Release|Any CPU
		{028C4747-1B09-4DD6-8BBA-8570D358E2D6}.Ad-Hoc|Any CPU.Build.0 = Release|Any CPU
		{028C4747-1B09-4DD6-8BBA-8570D358E2D6}.Ad-Hoc|ARM.ActiveCfg = Release|Any CPU
		{028C4747-1B09-4DD6-8BBA-8570D358E2D6}.Ad-Hoc|ARM.Build.0 = Release|Any CPU
		{028C4747-1B09-4DD6-8BBA-8570D358E2D6}.Ad-Hoc|iPhone.ActiveCfg = Release|Any CPU
		{028C4747-1B09-4DD6-8BBA-8570D358E2D6}.Ad-Hoc|iPhone.Build.0 = Release|Any CPU
		{028C4747-1B09-4DD6-8BBA-8570D358E2D6}.Ad-Hoc|iPhoneSimulator.ActiveCfg = Release|Any CPU
		{028C4747-1B09-4DD6-8BBA-8570D358E2D6}.Ad-Hoc|iPhoneSimulator.Build.0 = Release|Any CPU
		{028C4747-1B09-4DD6-8BBA-8570D358E2D6}.Ad-Hoc|x64.ActiveCfg = Release|Any CPU
		{028C4747-1B09-4DD6-8BBA-8570D358E2D6}.Ad-Hoc|x64.Build.0 = Release|Any CPU
		{028C4747-1B09-4DD6-8BBA-8570D358E2D6}.Ad-Hoc|x86.ActiveCfg = Release|Any CPU
		{028C4747-1B09-4DD6-8BBA-8570D358E2D6}.Ad-Hoc|x86.Build.0 = Release|Any CPU
		{028C4747-1B09-4DD6-8BBA-8570D358E2D6}.AppStore|Any CPU.ActiveCfg = Release|Any CPU
		{028C4747-1B09-4DD6-8BBA-8570D358E2D6}.AppStore|Any CPU.Build.0 = Release|Any CPU
		{028C4747-1B09-4DD6-8BBA-8570D358E2D6}.AppStore|ARM.ActiveCfg = Release|Any CPU
		{028C4747-1B09-4DD6-8BBA-8570D358E2D6}.AppStore|ARM.Build.0 = Release|Any CPU
		{028C4747-1B09-4DD6-8BBA-8570D358E2D6}.AppStore|iPhone.ActiveCfg = Release|Any CPU
		{028C4747-1B09-4DD6-8BBA-8570D358E2D6}.AppStore|iPhone.Build.0 = Release|Any CPU
		{028C4747-1B09-4DD6-8BBA-8570D358E2D6}.AppStore|iPhoneSimulator.ActiveCfg = Release|Any CPU
		{028C4747-1B09-4DD6-8BBA-8570D358E2D6}.AppStore|iPhoneSimulator.Build.0 = Release|Any CPU
		{028C4747-1B09-4DD6-8BBA-8570D358E2D6}.AppStore|x64.ActiveCfg = Release|Any CPU
		{028C4747-1B09-4DD6-8BBA-8570D358E2D6}.AppStore|x64.Build.0 = Release|Any CPU
		{028C4747-1B09-4DD6-8BBA-8570D358E2D6}.AppStore|x86.ActiveCfg = Release|Any CPU
		{028C4747-1B09-4DD6-8BBA-8570D358E2D6}.AppStore|x86.Build.0 = Release|Any CPU
		{028C4747-1B09-4DD6-8BBA-8570D358E2D6}.Debug|Any CPU.ActiveCfg = Debug|Any CPU
		{028C4747-1B09-4DD6-8BBA-8570D358E2D6}.Debug|Any CPU.Build.0 = Debug|Any CPU
		{028C4747-1B09-4DD6-8BBA-8570D358E2D6}.Debug|ARM.ActiveCfg = Debug|Any CPU
		{028C4747-1B09-4DD6-8BBA-8570D358E2D6}.Debug|ARM.Build.0 = Debug|Any CPU
		{028C4747-1B09-4DD6-8BBA-8570D358E2D6}.Debug|iPhone.ActiveCfg = Debug|Any CPU
		{028C4747-1B09-4DD6-8BBA-8570D358E2D6}.Debug|iPhone.Build.0 = Debug|Any CPU
		{028C4747-1B09-4DD6-8BBA-8570D358E2D6}.Debug|iPhoneSimulator.ActiveCfg = Debug|Any CPU
		{028C4747-1B09-4DD6-8BBA-8570D358E2D6}.Debug|iPhoneSimulator.Build.0 = Debug|Any CPU
		{028C4747-1B09-4DD6-8BBA-8570D358E2D6}.Debug|x64.ActiveCfg = Debug|Any CPU
		{028C4747-1B09-4DD6-8BBA-8570D358E2D6}.Debug|x64.Build.0 = Debug|Any CPU
		{028C4747-1B09-4DD6-8BBA-8570D358E2D6}.Debug|x86.ActiveCfg = Debug|Any CPU
		{028C4747-1B09-4DD6-8BBA-8570D358E2D6}.Debug|x86.Build.0 = Debug|Any CPU
		{028C4747-1B09-4DD6-8BBA-8570D358E2D6}.Release|Any CPU.ActiveCfg = Release|Any CPU
		{028C4747-1B09-4DD6-8BBA-8570D358E2D6}.Release|Any CPU.Build.0 = Release|Any CPU
		{028C4747-1B09-4DD6-8BBA-8570D358E2D6}.Release|ARM.ActiveCfg = Release|Any CPU
		{028C4747-1B09-4DD6-8BBA-8570D358E2D6}.Release|ARM.Build.0 = Release|Any CPU
		{028C4747-1B09-4DD6-8BBA-8570D358E2D6}.Release|iPhone.ActiveCfg = Release|Any CPU
		{028C4747-1B09-4DD6-8BBA-8570D358E2D6}.Release|iPhone.Build.0 = Release|Any CPU
		{028C4747-1B09-4DD6-8BBA-8570D358E2D6}.Release|iPhoneSimulator.ActiveCfg = Release|Any CPU
		{028C4747-1B09-4DD6-8BBA-8570D358E2D6}.Release|iPhoneSimulator.Build.0 = Release|Any CPU
		{028C4747-1B09-4DD6-8BBA-8570D358E2D6}.Release|x64.ActiveCfg = Release|Any CPU
		{028C4747-1B09-4DD6-8BBA-8570D358E2D6}.Release|x64.Build.0 = Release|Any CPU
		{028C4747-1B09-4DD6-8BBA-8570D358E2D6}.Release|x86.ActiveCfg = Release|Any CPU
		{028C4747-1B09-4DD6-8BBA-8570D358E2D6}.Release|x86.Build.0 = Release|Any CPU
		{6EB2CD83-729C-4992-BE11-EE147D914279}.Ad-Hoc|Any CPU.ActiveCfg = Release|Any CPU
		{6EB2CD83-729C-4992-BE11-EE147D914279}.Ad-Hoc|Any CPU.Build.0 = Release|Any CPU
		{6EB2CD83-729C-4992-BE11-EE147D914279}.Ad-Hoc|Any CPU.Deploy.0 = Release|Any CPU
		{6EB2CD83-729C-4992-BE11-EE147D914279}.Ad-Hoc|ARM.ActiveCfg = Release|Any CPU
		{6EB2CD83-729C-4992-BE11-EE147D914279}.Ad-Hoc|ARM.Build.0 = Release|Any CPU
		{6EB2CD83-729C-4992-BE11-EE147D914279}.Ad-Hoc|ARM.Deploy.0 = Release|Any CPU
		{6EB2CD83-729C-4992-BE11-EE147D914279}.Ad-Hoc|iPhone.ActiveCfg = Release|Any CPU
		{6EB2CD83-729C-4992-BE11-EE147D914279}.Ad-Hoc|iPhone.Build.0 = Release|Any CPU
		{6EB2CD83-729C-4992-BE11-EE147D914279}.Ad-Hoc|iPhone.Deploy.0 = Release|Any CPU
		{6EB2CD83-729C-4992-BE11-EE147D914279}.Ad-Hoc|iPhoneSimulator.ActiveCfg = Release|Any CPU
		{6EB2CD83-729C-4992-BE11-EE147D914279}.Ad-Hoc|iPhoneSimulator.Build.0 = Release|Any CPU
		{6EB2CD83-729C-4992-BE11-EE147D914279}.Ad-Hoc|iPhoneSimulator.Deploy.0 = Release|Any CPU
		{6EB2CD83-729C-4992-BE11-EE147D914279}.Ad-Hoc|x64.ActiveCfg = Release|Any CPU
		{6EB2CD83-729C-4992-BE11-EE147D914279}.Ad-Hoc|x64.Build.0 = Release|Any CPU
		{6EB2CD83-729C-4992-BE11-EE147D914279}.Ad-Hoc|x64.Deploy.0 = Release|Any CPU
		{6EB2CD83-729C-4992-BE11-EE147D914279}.Ad-Hoc|x86.ActiveCfg = Release|Any CPU
		{6EB2CD83-729C-4992-BE11-EE147D914279}.Ad-Hoc|x86.Build.0 = Release|Any CPU
		{6EB2CD83-729C-4992-BE11-EE147D914279}.Ad-Hoc|x86.Deploy.0 = Release|Any CPU
		{6EB2CD83-729C-4992-BE11-EE147D914279}.AppStore|Any CPU.ActiveCfg = Release|Any CPU
		{6EB2CD83-729C-4992-BE11-EE147D914279}.AppStore|Any CPU.Build.0 = Release|Any CPU
		{6EB2CD83-729C-4992-BE11-EE147D914279}.AppStore|Any CPU.Deploy.0 = Release|Any CPU
		{6EB2CD83-729C-4992-BE11-EE147D914279}.AppStore|ARM.ActiveCfg = Release|Any CPU
		{6EB2CD83-729C-4992-BE11-EE147D914279}.AppStore|ARM.Build.0 = Release|Any CPU
		{6EB2CD83-729C-4992-BE11-EE147D914279}.AppStore|ARM.Deploy.0 = Release|Any CPU
		{6EB2CD83-729C-4992-BE11-EE147D914279}.AppStore|iPhone.ActiveCfg = Release|Any CPU
		{6EB2CD83-729C-4992-BE11-EE147D914279}.AppStore|iPhone.Build.0 = Release|Any CPU
		{6EB2CD83-729C-4992-BE11-EE147D914279}.AppStore|iPhone.Deploy.0 = Release|Any CPU
		{6EB2CD83-729C-4992-BE11-EE147D914279}.AppStore|iPhoneSimulator.ActiveCfg = Release|Any CPU
		{6EB2CD83-729C-4992-BE11-EE147D914279}.AppStore|iPhoneSimulator.Build.0 = Release|Any CPU
		{6EB2CD83-729C-4992-BE11-EE147D914279}.AppStore|iPhoneSimulator.Deploy.0 = Release|Any CPU
		{6EB2CD83-729C-4992-BE11-EE147D914279}.AppStore|x64.ActiveCfg = Release|Any CPU
		{6EB2CD83-729C-4992-BE11-EE147D914279}.AppStore|x64.Build.0 = Release|Any CPU
		{6EB2CD83-729C-4992-BE11-EE147D914279}.AppStore|x64.Deploy.0 = Release|Any CPU
		{6EB2CD83-729C-4992-BE11-EE147D914279}.AppStore|x86.ActiveCfg = Release|Any CPU
		{6EB2CD83-729C-4992-BE11-EE147D914279}.AppStore|x86.Build.0 = Release|Any CPU
		{6EB2CD83-729C-4992-BE11-EE147D914279}.AppStore|x86.Deploy.0 = Release|Any CPU
		{6EB2CD83-729C-4992-BE11-EE147D914279}.Debug|Any CPU.ActiveCfg = Debug|Any CPU
		{6EB2CD83-729C-4992-BE11-EE147D914279}.Debug|Any CPU.Build.0 = Debug|Any CPU
		{6EB2CD83-729C-4992-BE11-EE147D914279}.Debug|Any CPU.Deploy.0 = Debug|Any CPU
		{6EB2CD83-729C-4992-BE11-EE147D914279}.Debug|ARM.ActiveCfg = Debug|Any CPU
		{6EB2CD83-729C-4992-BE11-EE147D914279}.Debug|ARM.Build.0 = Debug|Any CPU
		{6EB2CD83-729C-4992-BE11-EE147D914279}.Debug|ARM.Deploy.0 = Debug|Any CPU
		{6EB2CD83-729C-4992-BE11-EE147D914279}.Debug|iPhone.ActiveCfg = Debug|Any CPU
		{6EB2CD83-729C-4992-BE11-EE147D914279}.Debug|iPhone.Build.0 = Debug|Any CPU
		{6EB2CD83-729C-4992-BE11-EE147D914279}.Debug|iPhone.Deploy.0 = Debug|Any CPU
		{6EB2CD83-729C-4992-BE11-EE147D914279}.Debug|iPhoneSimulator.ActiveCfg = Debug|Any CPU
		{6EB2CD83-729C-4992-BE11-EE147D914279}.Debug|iPhoneSimulator.Build.0 = Debug|Any CPU
		{6EB2CD83-729C-4992-BE11-EE147D914279}.Debug|iPhoneSimulator.Deploy.0 = Debug|Any CPU
		{6EB2CD83-729C-4992-BE11-EE147D914279}.Debug|x64.ActiveCfg = Debug|Any CPU
		{6EB2CD83-729C-4992-BE11-EE147D914279}.Debug|x64.Build.0 = Debug|Any CPU
		{6EB2CD83-729C-4992-BE11-EE147D914279}.Debug|x64.Deploy.0 = Debug|Any CPU
		{6EB2CD83-729C-4992-BE11-EE147D914279}.Debug|x86.ActiveCfg = Debug|Any CPU
		{6EB2CD83-729C-4992-BE11-EE147D914279}.Debug|x86.Build.0 = Debug|Any CPU
		{6EB2CD83-729C-4992-BE11-EE147D914279}.Debug|x86.Deploy.0 = Debug|Any CPU
		{6EB2CD83-729C-4992-BE11-EE147D914279}.Release|Any CPU.ActiveCfg = Release|Any CPU
		{6EB2CD83-729C-4992-BE11-EE147D914279}.Release|Any CPU.Build.0 = Release|Any CPU
		{6EB2CD83-729C-4992-BE11-EE147D914279}.Release|Any CPU.Deploy.0 = Release|Any CPU
		{6EB2CD83-729C-4992-BE11-EE147D914279}.Release|ARM.ActiveCfg = Release|Any CPU
		{6EB2CD83-729C-4992-BE11-EE147D914279}.Release|ARM.Build.0 = Release|Any CPU
		{6EB2CD83-729C-4992-BE11-EE147D914279}.Release|ARM.Deploy.0 = Release|Any CPU
		{6EB2CD83-729C-4992-BE11-EE147D914279}.Release|iPhone.ActiveCfg = Release|Any CPU
		{6EB2CD83-729C-4992-BE11-EE147D914279}.Release|iPhone.Build.0 = Release|Any CPU
		{6EB2CD83-729C-4992-BE11-EE147D914279}.Release|iPhone.Deploy.0 = Release|Any CPU
		{6EB2CD83-729C-4992-BE11-EE147D914279}.Release|iPhoneSimulator.ActiveCfg = Release|Any CPU
		{6EB2CD83-729C-4992-BE11-EE147D914279}.Release|iPhoneSimulator.Build.0 = Release|Any CPU
		{6EB2CD83-729C-4992-BE11-EE147D914279}.Release|iPhoneSimulator.Deploy.0 = Release|Any CPU
		{6EB2CD83-729C-4992-BE11-EE147D914279}.Release|x64.ActiveCfg = Release|Any CPU
		{6EB2CD83-729C-4992-BE11-EE147D914279}.Release|x64.Build.0 = Release|Any CPU
		{6EB2CD83-729C-4992-BE11-EE147D914279}.Release|x64.Deploy.0 = Release|Any CPU
		{6EB2CD83-729C-4992-BE11-EE147D914279}.Release|x86.ActiveCfg = Release|Any CPU
		{6EB2CD83-729C-4992-BE11-EE147D914279}.Release|x86.Build.0 = Release|Any CPU
		{6EB2CD83-729C-4992-BE11-EE147D914279}.Release|x86.Deploy.0 = Release|Any CPU
		{8BD038CB-8500-4F60-8C5F-4A1F0BB792FA}.Ad-Hoc|Any CPU.ActiveCfg = Ad-Hoc|iPhone
		{8BD038CB-8500-4F60-8C5F-4A1F0BB792FA}.Ad-Hoc|ARM.ActiveCfg = Ad-Hoc|iPhone
		{8BD038CB-8500-4F60-8C5F-4A1F0BB792FA}.Ad-Hoc|iPhone.ActiveCfg = Ad-Hoc|iPhone
		{8BD038CB-8500-4F60-8C5F-4A1F0BB792FA}.Ad-Hoc|iPhone.Build.0 = Ad-Hoc|iPhone
		{8BD038CB-8500-4F60-8C5F-4A1F0BB792FA}.Ad-Hoc|iPhoneSimulator.ActiveCfg = Ad-Hoc|iPhoneSimulator
		{8BD038CB-8500-4F60-8C5F-4A1F0BB792FA}.Ad-Hoc|iPhoneSimulator.Build.0 = Ad-Hoc|iPhoneSimulator
		{8BD038CB-8500-4F60-8C5F-4A1F0BB792FA}.Ad-Hoc|x64.ActiveCfg = Ad-Hoc|iPhone
		{8BD038CB-8500-4F60-8C5F-4A1F0BB792FA}.Ad-Hoc|x86.ActiveCfg = Ad-Hoc|iPhone
		{8BD038CB-8500-4F60-8C5F-4A1F0BB792FA}.AppStore|Any CPU.ActiveCfg = AppStore|iPhone
		{8BD038CB-8500-4F60-8C5F-4A1F0BB792FA}.AppStore|ARM.ActiveCfg = AppStore|iPhone
		{8BD038CB-8500-4F60-8C5F-4A1F0BB792FA}.AppStore|iPhone.ActiveCfg = AppStore|iPhone
		{8BD038CB-8500-4F60-8C5F-4A1F0BB792FA}.AppStore|iPhone.Build.0 = AppStore|iPhone
		{8BD038CB-8500-4F60-8C5F-4A1F0BB792FA}.AppStore|iPhoneSimulator.ActiveCfg = AppStore|iPhoneSimulator
		{8BD038CB-8500-4F60-8C5F-4A1F0BB792FA}.AppStore|iPhoneSimulator.Build.0 = AppStore|iPhoneSimulator
		{8BD038CB-8500-4F60-8C5F-4A1F0BB792FA}.AppStore|x64.ActiveCfg = AppStore|iPhone
		{8BD038CB-8500-4F60-8C5F-4A1F0BB792FA}.AppStore|x86.ActiveCfg = AppStore|iPhone
		{8BD038CB-8500-4F60-8C5F-4A1F0BB792FA}.Debug|Any CPU.ActiveCfg = Debug|iPhone
		{8BD038CB-8500-4F60-8C5F-4A1F0BB792FA}.Debug|ARM.ActiveCfg = Debug|iPhone
		{8BD038CB-8500-4F60-8C5F-4A1F0BB792FA}.Debug|iPhone.ActiveCfg = Debug|iPhone
		{8BD038CB-8500-4F60-8C5F-4A1F0BB792FA}.Debug|iPhone.Build.0 = Debug|iPhone
		{8BD038CB-8500-4F60-8C5F-4A1F0BB792FA}.Debug|iPhoneSimulator.ActiveCfg = Debug|iPhoneSimulator
		{8BD038CB-8500-4F60-8C5F-4A1F0BB792FA}.Debug|iPhoneSimulator.Build.0 = Debug|iPhoneSimulator
		{8BD038CB-8500-4F60-8C5F-4A1F0BB792FA}.Debug|x64.ActiveCfg = Debug|iPhone
		{8BD038CB-8500-4F60-8C5F-4A1F0BB792FA}.Debug|x86.ActiveCfg = Debug|iPhone
		{8BD038CB-8500-4F60-8C5F-4A1F0BB792FA}.Release|Any CPU.ActiveCfg = Release|iPhone
		{8BD038CB-8500-4F60-8C5F-4A1F0BB792FA}.Release|ARM.ActiveCfg = Release|iPhone
		{8BD038CB-8500-4F60-8C5F-4A1F0BB792FA}.Release|iPhone.ActiveCfg = Release|iPhone
		{8BD038CB-8500-4F60-8C5F-4A1F0BB792FA}.Release|iPhone.Build.0 = Release|iPhone
		{8BD038CB-8500-4F60-8C5F-4A1F0BB792FA}.Release|iPhoneSimulator.ActiveCfg = Release|iPhoneSimulator
		{8BD038CB-8500-4F60-8C5F-4A1F0BB792FA}.Release|iPhoneSimulator.Build.0 = Release|iPhoneSimulator
		{8BD038CB-8500-4F60-8C5F-4A1F0BB792FA}.Release|x64.ActiveCfg = Release|iPhone
		{8BD038CB-8500-4F60-8C5F-4A1F0BB792FA}.Release|x86.ActiveCfg = Release|iPhone
		{FCD8607A-67E2-457E-9B96-F9C7E6DBD82B}.Ad-Hoc|Any CPU.ActiveCfg = Release|Any CPU
		{FCD8607A-67E2-457E-9B96-F9C7E6DBD82B}.Ad-Hoc|Any CPU.Build.0 = Release|Any CPU
		{FCD8607A-67E2-457E-9B96-F9C7E6DBD82B}.Ad-Hoc|Any CPU.Deploy.0 = Release|Any CPU
		{FCD8607A-67E2-457E-9B96-F9C7E6DBD82B}.Ad-Hoc|ARM.ActiveCfg = Release|ARM
		{FCD8607A-67E2-457E-9B96-F9C7E6DBD82B}.Ad-Hoc|ARM.Build.0 = Release|ARM
		{FCD8607A-67E2-457E-9B96-F9C7E6DBD82B}.Ad-Hoc|ARM.Deploy.0 = Release|ARM
		{FCD8607A-67E2-457E-9B96-F9C7E6DBD82B}.Ad-Hoc|iPhone.ActiveCfg = Release|Any CPU
		{FCD8607A-67E2-457E-9B96-F9C7E6DBD82B}.Ad-Hoc|iPhone.Build.0 = Release|Any CPU
		{FCD8607A-67E2-457E-9B96-F9C7E6DBD82B}.Ad-Hoc|iPhone.Deploy.0 = Release|Any CPU
		{FCD8607A-67E2-457E-9B96-F9C7E6DBD82B}.Ad-Hoc|iPhoneSimulator.ActiveCfg = Release|Any CPU
		{FCD8607A-67E2-457E-9B96-F9C7E6DBD82B}.Ad-Hoc|iPhoneSimulator.Build.0 = Release|Any CPU
		{FCD8607A-67E2-457E-9B96-F9C7E6DBD82B}.Ad-Hoc|iPhoneSimulator.Deploy.0 = Release|Any CPU
		{FCD8607A-67E2-457E-9B96-F9C7E6DBD82B}.Ad-Hoc|x64.ActiveCfg = Release|Any CPU
		{FCD8607A-67E2-457E-9B96-F9C7E6DBD82B}.Ad-Hoc|x64.Build.0 = Release|Any CPU
		{FCD8607A-67E2-457E-9B96-F9C7E6DBD82B}.Ad-Hoc|x64.Deploy.0 = Release|Any CPU
		{FCD8607A-67E2-457E-9B96-F9C7E6DBD82B}.Ad-Hoc|x86.ActiveCfg = Release|x86
		{FCD8607A-67E2-457E-9B96-F9C7E6DBD82B}.Ad-Hoc|x86.Build.0 = Release|x86
		{FCD8607A-67E2-457E-9B96-F9C7E6DBD82B}.Ad-Hoc|x86.Deploy.0 = Release|x86
		{FCD8607A-67E2-457E-9B96-F9C7E6DBD82B}.AppStore|Any CPU.ActiveCfg = Release|Any CPU
		{FCD8607A-67E2-457E-9B96-F9C7E6DBD82B}.AppStore|Any CPU.Build.0 = Release|Any CPU
		{FCD8607A-67E2-457E-9B96-F9C7E6DBD82B}.AppStore|Any CPU.Deploy.0 = Release|Any CPU
		{FCD8607A-67E2-457E-9B96-F9C7E6DBD82B}.AppStore|ARM.ActiveCfg = Release|ARM
		{FCD8607A-67E2-457E-9B96-F9C7E6DBD82B}.AppStore|ARM.Build.0 = Release|ARM
		{FCD8607A-67E2-457E-9B96-F9C7E6DBD82B}.AppStore|ARM.Deploy.0 = Release|ARM
		{FCD8607A-67E2-457E-9B96-F9C7E6DBD82B}.AppStore|iPhone.ActiveCfg = Release|Any CPU
		{FCD8607A-67E2-457E-9B96-F9C7E6DBD82B}.AppStore|iPhone.Build.0 = Release|Any CPU
		{FCD8607A-67E2-457E-9B96-F9C7E6DBD82B}.AppStore|iPhone.Deploy.0 = Release|Any CPU
		{FCD8607A-67E2-457E-9B96-F9C7E6DBD82B}.AppStore|iPhoneSimulator.ActiveCfg = Release|Any CPU
		{FCD8607A-67E2-457E-9B96-F9C7E6DBD82B}.AppStore|iPhoneSimulator.Build.0 = Release|Any CPU
		{FCD8607A-67E2-457E-9B96-F9C7E6DBD82B}.AppStore|iPhoneSimulator.Deploy.0 = Release|Any CPU
		{FCD8607A-67E2-457E-9B96-F9C7E6DBD82B}.AppStore|x64.ActiveCfg = Release|Any CPU
		{FCD8607A-67E2-457E-9B96-F9C7E6DBD82B}.AppStore|x64.Build.0 = Release|Any CPU
		{FCD8607A-67E2-457E-9B96-F9C7E6DBD82B}.AppStore|x64.Deploy.0 = Release|Any CPU
		{FCD8607A-67E2-457E-9B96-F9C7E6DBD82B}.AppStore|x86.ActiveCfg = Release|x86
		{FCD8607A-67E2-457E-9B96-F9C7E6DBD82B}.AppStore|x86.Build.0 = Release|x86
		{FCD8607A-67E2-457E-9B96-F9C7E6DBD82B}.AppStore|x86.Deploy.0 = Release|x86
		{FCD8607A-67E2-457E-9B96-F9C7E6DBD82B}.Debug|Any CPU.ActiveCfg = Debug|Any CPU
		{FCD8607A-67E2-457E-9B96-F9C7E6DBD82B}.Debug|Any CPU.Build.0 = Debug|Any CPU
		{FCD8607A-67E2-457E-9B96-F9C7E6DBD82B}.Debug|Any CPU.Deploy.0 = Debug|Any CPU
		{FCD8607A-67E2-457E-9B96-F9C7E6DBD82B}.Debug|ARM.ActiveCfg = Debug|ARM
		{FCD8607A-67E2-457E-9B96-F9C7E6DBD82B}.Debug|ARM.Build.0 = Debug|ARM
		{FCD8607A-67E2-457E-9B96-F9C7E6DBD82B}.Debug|ARM.Deploy.0 = Debug|ARM
		{FCD8607A-67E2-457E-9B96-F9C7E6DBD82B}.Debug|iPhone.ActiveCfg = Debug|Any CPU
		{FCD8607A-67E2-457E-9B96-F9C7E6DBD82B}.Debug|iPhone.Build.0 = Debug|Any CPU
		{FCD8607A-67E2-457E-9B96-F9C7E6DBD82B}.Debug|iPhone.Deploy.0 = Debug|Any CPU
		{FCD8607A-67E2-457E-9B96-F9C7E6DBD82B}.Debug|iPhoneSimulator.ActiveCfg = Debug|Any CPU
		{FCD8607A-67E2-457E-9B96-F9C7E6DBD82B}.Debug|iPhoneSimulator.Build.0 = Debug|Any CPU
		{FCD8607A-67E2-457E-9B96-F9C7E6DBD82B}.Debug|iPhoneSimulator.Deploy.0 = Debug|Any CPU
		{FCD8607A-67E2-457E-9B96-F9C7E6DBD82B}.Debug|x64.ActiveCfg = Debug|Any CPU
		{FCD8607A-67E2-457E-9B96-F9C7E6DBD82B}.Debug|x64.Build.0 = Debug|Any CPU
		{FCD8607A-67E2-457E-9B96-F9C7E6DBD82B}.Debug|x64.Deploy.0 = Debug|Any CPU
		{FCD8607A-67E2-457E-9B96-F9C7E6DBD82B}.Debug|x86.ActiveCfg = Debug|x86
		{FCD8607A-67E2-457E-9B96-F9C7E6DBD82B}.Debug|x86.Build.0 = Debug|x86
		{FCD8607A-67E2-457E-9B96-F9C7E6DBD82B}.Debug|x86.Deploy.0 = Debug|x86
		{FCD8607A-67E2-457E-9B96-F9C7E6DBD82B}.Release|Any CPU.ActiveCfg = Release|Any CPU
		{FCD8607A-67E2-457E-9B96-F9C7E6DBD82B}.Release|Any CPU.Build.0 = Release|Any CPU
		{FCD8607A-67E2-457E-9B96-F9C7E6DBD82B}.Release|Any CPU.Deploy.0 = Release|Any CPU
		{FCD8607A-67E2-457E-9B96-F9C7E6DBD82B}.Release|ARM.ActiveCfg = Release|ARM
		{FCD8607A-67E2-457E-9B96-F9C7E6DBD82B}.Release|ARM.Build.0 = Release|ARM
		{FCD8607A-67E2-457E-9B96-F9C7E6DBD82B}.Release|ARM.Deploy.0 = Release|ARM
		{FCD8607A-67E2-457E-9B96-F9C7E6DBD82B}.Release|iPhone.ActiveCfg = Release|Any CPU
		{FCD8607A-67E2-457E-9B96-F9C7E6DBD82B}.Release|iPhone.Build.0 = Release|Any CPU
		{FCD8607A-67E2-457E-9B96-F9C7E6DBD82B}.Release|iPhone.Deploy.0 = Release|Any CPU
		{FCD8607A-67E2-457E-9B96-F9C7E6DBD82B}.Release|iPhoneSimulator.ActiveCfg = Release|Any CPU
		{FCD8607A-67E2-457E-9B96-F9C7E6DBD82B}.Release|iPhoneSimulator.Build.0 = Release|Any CPU
		{FCD8607A-67E2-457E-9B96-F9C7E6DBD82B}.Release|iPhoneSimulator.Deploy.0 = Release|Any CPU
		{FCD8607A-67E2-457E-9B96-F9C7E6DBD82B}.Release|x64.ActiveCfg = Release|Any CPU
		{FCD8607A-67E2-457E-9B96-F9C7E6DBD82B}.Release|x64.Build.0 = Release|Any CPU
		{FCD8607A-67E2-457E-9B96-F9C7E6DBD82B}.Release|x64.Deploy.0 = Release|Any CPU
		{FCD8607A-67E2-457E-9B96-F9C7E6DBD82B}.Release|x86.ActiveCfg = Release|x86
		{FCD8607A-67E2-457E-9B96-F9C7E6DBD82B}.Release|x86.Build.0 = Release|x86
		{FCD8607A-67E2-457E-9B96-F9C7E6DBD82B}.Release|x86.Deploy.0 = Release|x86
		{28C33212-4898-4CA8-BBEB-0EA40C31A7D1}.Ad-Hoc|Any CPU.ActiveCfg = Release|x86
		{28C33212-4898-4CA8-BBEB-0EA40C31A7D1}.Ad-Hoc|Any CPU.Build.0 = Release|x86
		{28C33212-4898-4CA8-BBEB-0EA40C31A7D1}.Ad-Hoc|Any CPU.Deploy.0 = Release|x86
		{28C33212-4898-4CA8-BBEB-0EA40C31A7D1}.Ad-Hoc|ARM.ActiveCfg = Release|ARM
		{28C33212-4898-4CA8-BBEB-0EA40C31A7D1}.Ad-Hoc|ARM.Build.0 = Release|ARM
		{28C33212-4898-4CA8-BBEB-0EA40C31A7D1}.Ad-Hoc|ARM.Deploy.0 = Release|ARM
		{28C33212-4898-4CA8-BBEB-0EA40C31A7D1}.Ad-Hoc|iPhone.ActiveCfg = Release|x86
		{28C33212-4898-4CA8-BBEB-0EA40C31A7D1}.Ad-Hoc|iPhone.Build.0 = Release|x86
		{28C33212-4898-4CA8-BBEB-0EA40C31A7D1}.Ad-Hoc|iPhone.Deploy.0 = Release|x86
		{28C33212-4898-4CA8-BBEB-0EA40C31A7D1}.Ad-Hoc|iPhoneSimulator.ActiveCfg = Release|x86
		{28C33212-4898-4CA8-BBEB-0EA40C31A7D1}.Ad-Hoc|iPhoneSimulator.Build.0 = Release|x86
		{28C33212-4898-4CA8-BBEB-0EA40C31A7D1}.Ad-Hoc|iPhoneSimulator.Deploy.0 = Release|x86
		{28C33212-4898-4CA8-BBEB-0EA40C31A7D1}.Ad-Hoc|x64.ActiveCfg = Release|x64
		{28C33212-4898-4CA8-BBEB-0EA40C31A7D1}.Ad-Hoc|x64.Build.0 = Release|x64
		{28C33212-4898-4CA8-BBEB-0EA40C31A7D1}.Ad-Hoc|x64.Deploy.0 = Release|x64
		{28C33212-4898-4CA8-BBEB-0EA40C31A7D1}.Ad-Hoc|x86.ActiveCfg = Release|x86
		{28C33212-4898-4CA8-BBEB-0EA40C31A7D1}.Ad-Hoc|x86.Build.0 = Release|x86
		{28C33212-4898-4CA8-BBEB-0EA40C31A7D1}.Ad-Hoc|x86.Deploy.0 = Release|x86
		{28C33212-4898-4CA8-BBEB-0EA40C31A7D1}.AppStore|Any CPU.ActiveCfg = Release|x86
		{28C33212-4898-4CA8-BBEB-0EA40C31A7D1}.AppStore|Any CPU.Build.0 = Release|x86
		{28C33212-4898-4CA8-BBEB-0EA40C31A7D1}.AppStore|Any CPU.Deploy.0 = Release|x86
		{28C33212-4898-4CA8-BBEB-0EA40C31A7D1}.AppStore|ARM.ActiveCfg = Release|ARM
		{28C33212-4898-4CA8-BBEB-0EA40C31A7D1}.AppStore|ARM.Build.0 = Release|ARM
		{28C33212-4898-4CA8-BBEB-0EA40C31A7D1}.AppStore|ARM.Deploy.0 = Release|ARM
		{28C33212-4898-4CA8-BBEB-0EA40C31A7D1}.AppStore|iPhone.ActiveCfg = Release|x86
		{28C33212-4898-4CA8-BBEB-0EA40C31A7D1}.AppStore|iPhone.Build.0 = Release|x86
		{28C33212-4898-4CA8-BBEB-0EA40C31A7D1}.AppStore|iPhone.Deploy.0 = Release|x86
		{28C33212-4898-4CA8-BBEB-0EA40C31A7D1}.AppStore|iPhoneSimulator.ActiveCfg = Release|x86
		{28C33212-4898-4CA8-BBEB-0EA40C31A7D1}.AppStore|iPhoneSimulator.Build.0 = Release|x86
		{28C33212-4898-4CA8-BBEB-0EA40C31A7D1}.AppStore|iPhoneSimulator.Deploy.0 = Release|x86
		{28C33212-4898-4CA8-BBEB-0EA40C31A7D1}.AppStore|x64.ActiveCfg = Release|x64
		{28C33212-4898-4CA8-BBEB-0EA40C31A7D1}.AppStore|x64.Build.0 = Release|x64
		{28C33212-4898-4CA8-BBEB-0EA40C31A7D1}.AppStore|x64.Deploy.0 = Release|x64
		{28C33212-4898-4CA8-BBEB-0EA40C31A7D1}.AppStore|x86.ActiveCfg = Release|x86
		{28C33212-4898-4CA8-BBEB-0EA40C31A7D1}.AppStore|x86.Build.0 = Release|x86
		{28C33212-4898-4CA8-BBEB-0EA40C31A7D1}.AppStore|x86.Deploy.0 = Release|x86
		{28C33212-4898-4CA8-BBEB-0EA40C31A7D1}.Debug|Any CPU.ActiveCfg = Debug|x86
		{28C33212-4898-4CA8-BBEB-0EA40C31A7D1}.Debug|ARM.ActiveCfg = Debug|ARM
		{28C33212-4898-4CA8-BBEB-0EA40C31A7D1}.Debug|ARM.Build.0 = Debug|ARM
		{28C33212-4898-4CA8-BBEB-0EA40C31A7D1}.Debug|ARM.Deploy.0 = Debug|ARM
		{28C33212-4898-4CA8-BBEB-0EA40C31A7D1}.Debug|iPhone.ActiveCfg = Debug|x86
		{28C33212-4898-4CA8-BBEB-0EA40C31A7D1}.Debug|iPhoneSimulator.ActiveCfg = Debug|x86
		{28C33212-4898-4CA8-BBEB-0EA40C31A7D1}.Debug|x64.ActiveCfg = Debug|x64
		{28C33212-4898-4CA8-BBEB-0EA40C31A7D1}.Debug|x64.Build.0 = Debug|x64
		{28C33212-4898-4CA8-BBEB-0EA40C31A7D1}.Debug|x64.Deploy.0 = Debug|x64
		{28C33212-4898-4CA8-BBEB-0EA40C31A7D1}.Debug|x86.ActiveCfg = Debug|x86
		{28C33212-4898-4CA8-BBEB-0EA40C31A7D1}.Debug|x86.Build.0 = Debug|x86
		{28C33212-4898-4CA8-BBEB-0EA40C31A7D1}.Debug|x86.Deploy.0 = Debug|x86
		{28C33212-4898-4CA8-BBEB-0EA40C31A7D1}.Release|Any CPU.ActiveCfg = Release|x86
		{28C33212-4898-4CA8-BBEB-0EA40C31A7D1}.Release|ARM.ActiveCfg = Release|ARM
		{28C33212-4898-4CA8-BBEB-0EA40C31A7D1}.Release|ARM.Build.0 = Release|ARM
		{28C33212-4898-4CA8-BBEB-0EA40C31A7D1}.Release|ARM.Deploy.0 = Release|ARM
		{28C33212-4898-4CA8-BBEB-0EA40C31A7D1}.Release|iPhone.ActiveCfg = Release|x86
		{28C33212-4898-4CA8-BBEB-0EA40C31A7D1}.Release|iPhoneSimulator.ActiveCfg = Release|x86
		{28C33212-4898-4CA8-BBEB-0EA40C31A7D1}.Release|x64.ActiveCfg = Release|x64
		{28C33212-4898-4CA8-BBEB-0EA40C31A7D1}.Release|x64.Build.0 = Release|x64
		{28C33212-4898-4CA8-BBEB-0EA40C31A7D1}.Release|x64.Deploy.0 = Release|x64
		{28C33212-4898-4CA8-BBEB-0EA40C31A7D1}.Release|x86.ActiveCfg = Release|x86
		{28C33212-4898-4CA8-BBEB-0EA40C31A7D1}.Release|x86.Build.0 = Release|x86
		{28C33212-4898-4CA8-BBEB-0EA40C31A7D1}.Release|x86.Deploy.0 = Release|x86
		{093852D3-B8D2-41E3-8767-EBB8CEF0F007}.Ad-Hoc|Any CPU.ActiveCfg = Release|Any CPU
		{093852D3-B8D2-41E3-8767-EBB8CEF0F007}.Ad-Hoc|Any CPU.Build.0 = Release|Any CPU
		{093852D3-B8D2-41E3-8767-EBB8CEF0F007}.Ad-Hoc|Any CPU.Deploy.0 = Release|Any CPU
		{093852D3-B8D2-41E3-8767-EBB8CEF0F007}.Ad-Hoc|ARM.ActiveCfg = Release|ARM
		{093852D3-B8D2-41E3-8767-EBB8CEF0F007}.Ad-Hoc|ARM.Build.0 = Release|ARM
		{093852D3-B8D2-41E3-8767-EBB8CEF0F007}.Ad-Hoc|ARM.Deploy.0 = Release|ARM
		{093852D3-B8D2-41E3-8767-EBB8CEF0F007}.Ad-Hoc|iPhone.ActiveCfg = Release|Any CPU
		{093852D3-B8D2-41E3-8767-EBB8CEF0F007}.Ad-Hoc|iPhone.Build.0 = Release|Any CPU
		{093852D3-B8D2-41E3-8767-EBB8CEF0F007}.Ad-Hoc|iPhone.Deploy.0 = Release|Any CPU
		{093852D3-B8D2-41E3-8767-EBB8CEF0F007}.Ad-Hoc|iPhoneSimulator.ActiveCfg = Release|Any CPU
		{093852D3-B8D2-41E3-8767-EBB8CEF0F007}.Ad-Hoc|iPhoneSimulator.Build.0 = Release|Any CPU
		{093852D3-B8D2-41E3-8767-EBB8CEF0F007}.Ad-Hoc|iPhoneSimulator.Deploy.0 = Release|Any CPU
		{093852D3-B8D2-41E3-8767-EBB8CEF0F007}.Ad-Hoc|x64.ActiveCfg = Release|x64
		{093852D3-B8D2-41E3-8767-EBB8CEF0F007}.Ad-Hoc|x64.Build.0 = Release|x64
		{093852D3-B8D2-41E3-8767-EBB8CEF0F007}.Ad-Hoc|x64.Deploy.0 = Release|x64
		{093852D3-B8D2-41E3-8767-EBB8CEF0F007}.Ad-Hoc|x86.ActiveCfg = Release|x86
		{093852D3-B8D2-41E3-8767-EBB8CEF0F007}.Ad-Hoc|x86.Build.0 = Release|x86
		{093852D3-B8D2-41E3-8767-EBB8CEF0F007}.Ad-Hoc|x86.Deploy.0 = Release|x86
		{093852D3-B8D2-41E3-8767-EBB8CEF0F007}.AppStore|Any CPU.ActiveCfg = Release|Any CPU
		{093852D3-B8D2-41E3-8767-EBB8CEF0F007}.AppStore|Any CPU.Build.0 = Release|Any CPU
		{093852D3-B8D2-41E3-8767-EBB8CEF0F007}.AppStore|Any CPU.Deploy.0 = Release|Any CPU
		{093852D3-B8D2-41E3-8767-EBB8CEF0F007}.AppStore|ARM.ActiveCfg = Release|ARM
		{093852D3-B8D2-41E3-8767-EBB8CEF0F007}.AppStore|ARM.Build.0 = Release|ARM
		{093852D3-B8D2-41E3-8767-EBB8CEF0F007}.AppStore|ARM.Deploy.0 = Release|ARM
		{093852D3-B8D2-41E3-8767-EBB8CEF0F007}.AppStore|iPhone.ActiveCfg = Release|Any CPU
		{093852D3-B8D2-41E3-8767-EBB8CEF0F007}.AppStore|iPhone.Build.0 = Release|Any CPU
		{093852D3-B8D2-41E3-8767-EBB8CEF0F007}.AppStore|iPhone.Deploy.0 = Release|Any CPU
		{093852D3-B8D2-41E3-8767-EBB8CEF0F007}.AppStore|iPhoneSimulator.ActiveCfg = Release|Any CPU
		{093852D3-B8D2-41E3-8767-EBB8CEF0F007}.AppStore|iPhoneSimulator.Build.0 = Release|Any CPU
		{093852D3-B8D2-41E3-8767-EBB8CEF0F007}.AppStore|iPhoneSimulator.Deploy.0 = Release|Any CPU
		{093852D3-B8D2-41E3-8767-EBB8CEF0F007}.AppStore|x64.ActiveCfg = Release|x64
		{093852D3-B8D2-41E3-8767-EBB8CEF0F007}.AppStore|x64.Build.0 = Release|x64
		{093852D3-B8D2-41E3-8767-EBB8CEF0F007}.AppStore|x64.Deploy.0 = Release|x64
		{093852D3-B8D2-41E3-8767-EBB8CEF0F007}.AppStore|x86.ActiveCfg = Release|x86
		{093852D3-B8D2-41E3-8767-EBB8CEF0F007}.AppStore|x86.Build.0 = Release|x86
		{093852D3-B8D2-41E3-8767-EBB8CEF0F007}.AppStore|x86.Deploy.0 = Release|x86
		{093852D3-B8D2-41E3-8767-EBB8CEF0F007}.Debug|Any CPU.ActiveCfg = Debug|Any CPU
		{093852D3-B8D2-41E3-8767-EBB8CEF0F007}.Debug|Any CPU.Build.0 = Debug|Any CPU
		{093852D3-B8D2-41E3-8767-EBB8CEF0F007}.Debug|Any CPU.Deploy.0 = Debug|Any CPU
		{093852D3-B8D2-41E3-8767-EBB8CEF0F007}.Debug|ARM.ActiveCfg = Debug|ARM
		{093852D3-B8D2-41E3-8767-EBB8CEF0F007}.Debug|ARM.Build.0 = Debug|ARM
		{093852D3-B8D2-41E3-8767-EBB8CEF0F007}.Debug|ARM.Deploy.0 = Debug|ARM
		{093852D3-B8D2-41E3-8767-EBB8CEF0F007}.Debug|iPhone.ActiveCfg = Debug|Any CPU
		{093852D3-B8D2-41E3-8767-EBB8CEF0F007}.Debug|iPhone.Build.0 = Debug|Any CPU
		{093852D3-B8D2-41E3-8767-EBB8CEF0F007}.Debug|iPhone.Deploy.0 = Debug|Any CPU
		{093852D3-B8D2-41E3-8767-EBB8CEF0F007}.Debug|iPhoneSimulator.ActiveCfg = Debug|Any CPU
		{093852D3-B8D2-41E3-8767-EBB8CEF0F007}.Debug|iPhoneSimulator.Build.0 = Debug|Any CPU
		{093852D3-B8D2-41E3-8767-EBB8CEF0F007}.Debug|iPhoneSimulator.Deploy.0 = Debug|Any CPU
		{093852D3-B8D2-41E3-8767-EBB8CEF0F007}.Debug|x64.ActiveCfg = Debug|x64
		{093852D3-B8D2-41E3-8767-EBB8CEF0F007}.Debug|x64.Build.0 = Debug|x64
		{093852D3-B8D2-41E3-8767-EBB8CEF0F007}.Debug|x64.Deploy.0 = Debug|x64
		{093852D3-B8D2-41E3-8767-EBB8CEF0F007}.Debug|x86.ActiveCfg = Debug|x86
		{093852D3-B8D2-41E3-8767-EBB8CEF0F007}.Debug|x86.Build.0 = Debug|x86
		{093852D3-B8D2-41E3-8767-EBB8CEF0F007}.Debug|x86.Deploy.0 = Debug|x86
		{093852D3-B8D2-41E3-8767-EBB8CEF0F007}.Release|Any CPU.ActiveCfg = Release|Any CPU
		{093852D3-B8D2-41E3-8767-EBB8CEF0F007}.Release|Any CPU.Build.0 = Release|Any CPU
		{093852D3-B8D2-41E3-8767-EBB8CEF0F007}.Release|Any CPU.Deploy.0 = Release|Any CPU
		{093852D3-B8D2-41E3-8767-EBB8CEF0F007}.Release|ARM.ActiveCfg = Release|ARM
		{093852D3-B8D2-41E3-8767-EBB8CEF0F007}.Release|ARM.Build.0 = Release|ARM
		{093852D3-B8D2-41E3-8767-EBB8CEF0F007}.Release|ARM.Deploy.0 = Release|ARM
		{093852D3-B8D2-41E3-8767-EBB8CEF0F007}.Release|iPhone.ActiveCfg = Release|Any CPU
		{093852D3-B8D2-41E3-8767-EBB8CEF0F007}.Release|iPhone.Build.0 = Release|Any CPU
		{093852D3-B8D2-41E3-8767-EBB8CEF0F007}.Release|iPhone.Deploy.0 = Release|Any CPU
		{093852D3-B8D2-41E3-8767-EBB8CEF0F007}.Release|iPhoneSimulator.ActiveCfg = Release|Any CPU
		{093852D3-B8D2-41E3-8767-EBB8CEF0F007}.Release|iPhoneSimulator.Build.0 = Release|Any CPU
		{093852D3-B8D2-41E3-8767-EBB8CEF0F007}.Release|iPhoneSimulator.Deploy.0 = Release|Any CPU
		{093852D3-B8D2-41E3-8767-EBB8CEF0F007}.Release|x64.ActiveCfg = Release|x64
		{093852D3-B8D2-41E3-8767-EBB8CEF0F007}.Release|x64.Build.0 = Release|x64
		{093852D3-B8D2-41E3-8767-EBB8CEF0F007}.Release|x64.Deploy.0 = Release|x64
		{093852D3-B8D2-41E3-8767-EBB8CEF0F007}.Release|x86.ActiveCfg = Release|x86
		{093852D3-B8D2-41E3-8767-EBB8CEF0F007}.Release|x86.Build.0 = Release|x86
		{093852D3-B8D2-41E3-8767-EBB8CEF0F007}.Release|x86.Deploy.0 = Release|x86
	EndGlobalSection
	GlobalSection(SolutionProperties) = preSolution
		HideSolutionNode = FALSE
	EndGlobalSection
EndGlobal
